{
  "version": 4,
  "terraform_version": "1.7.3",
  "serial": 12,
  "lineage": "2087b203-3b24-53ab-fdc7-969d125c63be",
  "outputs": {
    "wordpress_instance_public_ip": {
      "value": "52.4.253.225",
      "type": "string"
    }
  },
  "resources": [
    {
      "mode": "managed",
      "type": "aws_lightsail_instance",
      "name": "wordpress_instance",
      "provider": "provider[\"registry.terraform.io/hashicorp/aws\"]",
      "instances": [
        {
          "schema_version": 0,
          "attributes": {
            "add_on": [],
            "arn": "arn:aws:lightsail:us-east-1:637423537967:Instance/63874a7e-8b62-495d-af68-af4ddc1443a8",
            "availability_zone": "us-east-1a",
            "blueprint_id": "wordpress",
            "bundle_id": "medium_2_0",
            "cpu_count": 2,
            "created_at": "2024-02-25T05:26:20Z",
            "id": "wordpress-instance",
            "ip_address_type": "dualstack",
            "ipv6_addresses": [
              "2600:1f10:41f6:ad00:e7bf:def3:e538:a75a"
            ],
            "is_static_ip": false,
            "key_pair_name": "LightsailDefaultKeyPair",
            "name": "wordpress-instance",
            "private_ip_address": "172.26.2.185",
            "public_ip_address": "54.81.35.211",
            "ram_size": 4,
            "tags": {
              "Name": "WordPressInstance"
            },
            "tags_all": {
              "Name": "WordPressInstance"
            },
            "user_data": null,
            "username": "bitnami"
          },
          "sensitive_attributes": [],
          "private": "bnVsbA=="
        }
      ]
    },
    {
      "mode": "managed",
      "type": "aws_lightsail_static_ip",
      "name": "wordpress_static_ip",
      "provider": "provider[\"registry.terraform.io/hashicorp/aws\"]",
      "instances": [
        {
          "schema_version": 0,
          "attributes": {
            "arn": "arn:aws:lightsail:us-east-1:637423537967:StaticIp/b566a403-23dc-4d27-94fe-9652be026b05",
            "id": "wordpress-static-ip",
            "ip_address": "52.4.253.225",
            "name": "wordpress-static-ip",
            "support_code": "471112698277/52.4.253.225"
          },
          "sensitive_attributes": [],
          "private": "bnVsbA=="
        }
      ]
    },
    {
      "mode": "managed",
      "type": "aws_lightsail_static_ip_attachment",
      "name": "wordpress_ip_attachment",
      "provider": "provider[\"registry.terraform.io/hashicorp/aws\"]",
      "instances": [
        {
          "schema_version": 0,
          "attributes": {
            "id": "wordpress-static-ip",
            "instance_name": "wordpress-instance",
            "ip_address": "52.4.253.225",
            "static_ip_name": "wordpress-static-ip"
          },
          "sensitive_attributes": [],
          "private": "bnVsbA==",
          "dependencies": [
            "aws_lightsail_instance.wordpress_instance",
            "aws_lightsail_static_ip.wordpress_static_ip"
          ]
        }
      ]
    }
  ],
  "check_results": null
}
